
Microsoft Visual Studio Solution File, Format Version 12.00
# Visual Studio Version 16
VisualStudioVersion = 16.0.30503.244
MinimumVisualStudioVersion = 10.0.40219.1
Project("{8BC9CEB8-8B4A-11D0-8D11-00A0C91BC942}") = "laba_29", "laba_29.vcxproj", "{FCAA4AE2-61A1-492B-8F05-B8BB8DFAC452}"
EndProject
Global
	GlobalSection(SolutionConfigurationPlatforms) = preSolution
		Debug|x64 = Debug|x64
		Debug|x86 = Debug|x86
		Release|x64 = Release|x64
		Release|x86 = Release|x86
	EndGlobalSection
	GlobalSection(ProjectConfigurationPlatforms) = postSolution
		{FCAA4AE2-61A1-492B-8F05-B8BB8DFAC452}.Debug|x64.ActiveCfg = Debug|x64
		{FCAA4AE2-61A1-492B-8F05-B8BB8DFAC452}.Debug|x64.Build.0 = Debug|x64
		{FCAA4AE2-61A1-492B-8F05-B8BB8DFAC452}.Debug|x86.ActiveCfg = Debug|Win32
		{FCAA4AE2-61A1-492B-8F05-B8BB8DFAC452}.Debug|x86.Build.0 = Debug|Win32
		{FCAA4AE2-61A1-492B-8F05-B8BB8DFAC452}.Release|x64.ActiveCfg = Release|x64
		{FCAA4AE2-61A1-492B-8F05-B8BB8DFAC452}.Release|x64.Build.0 = Release|x64
		{FCAA4AE2-61A1-492B-8F05-B8BB8DFAC452}.Release|x86.ActiveCfg = Release|Win32
		{FCAA4AE2-61A1-492B-8F05-B8BB8DFAC452}.Release|x86.Build.0 = Release|Win32
	EndGlobalSection
	GlobalSection(SolutionProperties) = preSolution
		HideSolutionNode = FALSE
	EndGlobalSection
	GlobalSection(ExtensibilityGlobals) = postSolution
		SolutionGuid = {AE222D60-759F-4202-BE23-469BFBACDAF3}
	EndGlobalSection
EndGlobal
